Microsoft Visual Studio Solution File, Format Version 12.00
# Visual Studio Version 17
VisualStudioVersion = 17.5.2.0
MinimumVisualStudioVersion = 10.0.40219.1
Project("{FAE04EC0-301F-11D3-BF4B-00C04F79EFBC}") = "carental", "carental.csproj", "{15EE8F3F-1690-A92F-EEB5-1598D78B895A}"
EndProject
Global
	GlobalSection(SolutionConfigurationPlatforms) = preSolution
		Debug|Any CPU = Debug|Any CPU
		Release|Any CPU = Release|Any CPU
	EndGlobalSection
	GlobalSection(ProjectConfigurationPlatforms) = postSolution
		{15EE8F3F-1690-A92F-EEB5-1598D78B895A}.Debug|Any CPU.ActiveCfg = Debug|Any CPU
		{15EE8F3F-1690-A92F-EEB5-1598D78B895A}.Debug|Any CPU.Build.0 = Debug|Any CPU
		{15EE8F3F-1690-A92F-EEB5-1598D78B895A}.Release|Any CPU.ActiveCfg = Release|Any CPU
		{15EE8F3F-1690-A92F-EEB5-1598D78B895A}.Release|Any CPU.Build.0 = Release|Any CPU
	EndGlobalSection
	GlobalSection(SolutionProperties) = preSolution
		HideSolutionNode = FALSE
	EndGlobalSection
	GlobalSection(ExtensibilityGlobals) = postSolution
		SolutionGuid = {149D6AF5-2815-4287-AA5A-FEECE90A728C}
	EndGlobalSection
EndGlobal
